
Microsoft Visual Studio Solution File, Format Version 11.00
# Visual Studio 2010
Project("{FAE04EC0-301F-11D3-BF4B-00C04F79EFBC}") = "lightning-talk", "lightning-talk.csproj", "{89367EDB-4E2C-4E27-A8A8-1CA269ADFD5C}"
EndProject
Global
	GlobalSection(SolutionConfigurationPlatforms) = preSolution
		Debug|x86 = Debug|x86
		Release|x86 = Release|x86
	EndGlobalSection
	GlobalSection(ProjectConfigurationPlatforms) = postSolution
		{89367EDB-4E2C-4E27-A8A8-1CA269ADFD5C}.Debug|x86.ActiveCfg = Debug|x86
		{89367EDB-4E2C-4E27-A8A8-1CA269ADFD5C}.Debug|x86.Build.0 = Debug|x86
		{89367EDB-4E2C-4E27-A8A8-1CA269ADFD5C}.Release|x86.ActiveCfg = Release|x86
		{89367EDB-4E2C-4E27-A8A8-1CA269ADFD5C}.Release|x86.Build.0 = Release|x86
	EndGlobalSection
	GlobalSection(MonoDevelopProperties) = preSolution
		StartupItem = lightning-talk.csproj
	EndGlobalSection
EndGlobal
